
Microsoft Visual Studio Solution File, Format Version 12.00
# Visual Studio Version 16
VisualStudioVersion = 16.0.29324.140
MinimumVisualStudioVersion = 10.0.40219.1
Project("{FAE04EC0-301F-11D3-BF4B-00C04F79EFBC}") = "Localizer", "Localizer\Localizer.csproj", "{A81F53CB-9413-4D8C-8ACD-EC5088E49DA5}"
EndProject
Global
	GlobalSection(SolutionConfigurationPlatforms) = preSolution
		Debug|Any CPU = Debug|Any CPU
		Release|Any CPU = Release|Any CPU
	EndGlobalSection
	GlobalSection(ProjectConfigurationPlatforms) = postSolution
		{A81F53CB-9413-4D8C-8ACD-EC5088E49DA5}.Debug|Any CPU.ActiveCfg = Debug|Any CPU
		{A81F53CB-9413-4D8C-8ACD-EC5088E49DA5}.Debug|Any CPU.Build.0 = Debug|Any CPU
		{A81F53CB-9413-4D8C-8ACD-EC5088E49DA5}.Release|Any CPU.ActiveCfg = Release|Any CPU
		{A81F53CB-9413-4D8C-8ACD-EC5088E49DA5}.Release|Any CPU.Build.0 = Release|Any CPU
	EndGlobalSection
	GlobalSection(SolutionProperties) = preSolution
		HideSolutionNode = FALSE
	EndGlobalSection
	GlobalSection(ExtensibilityGlobals) = postSolution
		SolutionGuid = {FDE1F047-82C5-41A2-9AFF-711F095D5FCA}
	EndGlobalSection
EndGlobal
